{
  "name": "agent-workforce",
  "version": "0.1.0",
  "lockfileVersion": 3,
  "requires": true,
  "packages": {
    "": {
      "name": "agent-workforce",
      "version": "0.1.0",
      "dependencies": {
        "@openai/codex-sdk": "^0.129.0"
      },
      "devDependencies": {
        "@types/node": "^22.19.17",
        "typescript": "^5.9.3"
      }
    },
    "node_modules/@openai/codex": {
      "version": "0.129.0",
      "resolved": "https://registry.npmjs.org/@openai/codex/-/codex-0.129.0.tgz",
      "integrity": "sha512-8zZlcO4ploUzULJ3xT5qx8eOCL/L7gOrpWXCtr2kP568idZjWhbz3L2WE8BvjBDUF17WMDhjOklCj6DGd1cKfQ==",
      "bin": {
        "codex": "bin/codex.js"
      },
      "engines": {
        "node": ">=16"
      },
      "optionalDependencies": {
        "@openai/codex-darwin-arm64": "npm:@openai/codex@0.129.0-darwin-arm64",
        "@openai/codex-darwin-x64": "npm:@openai/codex@0.129.0-darwin-x64",
        "@openai/codex-linux-arm64": "npm:@openai/codex@0.129.0-linux-arm64",
        "@openai/codex-linux-x64": "npm:@openai/codex@0.129.0-linux-x64",
        "@openai/codex-win32-arm64": "npm:@openai/codex@0.129.0-win32-arm64",
        "@openai/codex-win32-x64": "npm:@openai/codex@0.129.0-win32-x64"
      }
    },
    "node_modules/@openai/codex-darwin-arm64": {
      "name": "@openai/codex",
      "version": "0.129.0-darwin-arm64",
      "resolved": "https://registry.npmjs.org/@openai/codex/-/codex-0.129.0-darwin-arm64.tgz",
      "integrity": "sha512-tVFwzbh612oip/yZMeQziMtUWLz08A8ChhS6U/bNZjCKWD11bQvDZjxZJNzhWvmom/gKeXstwoUp9u1S8eCcnA==",
      "cpu": [
        "arm64"
      ],
      "optional": true,
      "os": [
        "darwin"
      ],
      "engines": {
        "node": ">=16"
      }
    },
    "node_modules/@openai/codex-darwin-x64": {
      "name": "@openai/codex",
      "version": "0.129.0-darwin-x64",
      "resolved": "https://registry.npmjs.org/@openai/codex/-/codex-0.129.0-darwin-x64.tgz",
      "integrity": "sha512-BtGc4ujzxRVIB0DcpiehP7/aQeAGEi0pNd9C98rtIqy1OBMwhOZ3ri/achzP0lxw8LWWFp8sL+hQdTGze6SGwg==",
      "cpu": [
        "x64"
      ],
      "optional": true,
      "os": [
        "darwin"
      ],
      "engines": {
        "node": ">=16"
      }
    },
    "node_modules/@openai/codex-linux-arm64": {
      "name": "@openai/codex",
      "version": "0.129.0-linux-arm64",
      "resolved": "https://registry.npmjs.org/@openai/codex/-/codex-0.129.0-linux-arm64.tgz",
      "integrity": "sha512-VnjI4Xla4uwaAqYCekwBm4dlucvaduTdhVr3bqU+6qfG5N9yn1bR7ZS7xMRlaRgS0oIst9fgYyC2niSYPOzuDA==",
      "cpu": [
        "arm64"
      ],
      "optional": true,
      "os": [
        "linux"
      ],
      "engines": {
        "node": ">=16"
      }
    },
    "node_modules/@openai/codex-linux-x64": {
      "name": "@openai/codex",
      "version": "0.129.0-linux-x64",
      "resolved": "https://registry.npmjs.org/@openai/codex/-/codex-0.129.0-linux-x64.tgz",
      "integrity": "sha512-YwkJtcHXeXdI+cfdv7qKGfafwePEEbSCRL5Z++/8djnI+iBj6nIMz4ouhe12yvsMccVqNTtCH8H0QrygHARpNg==",
      "cpu": [
        "x64"
      ],
      "optional": true,
      "os": [
        "linux"
      ],
      "engines": {
        "node": ">=16"
      }
    },
    "node_modules/@openai/codex-sdk": {
      "version": "0.129.0",
      "resolved": "https://registry.npmjs.org/@openai/codex-sdk/-/codex-sdk-0.129.0.tgz",
      "integrity": "sha512-KL/41uj5UDJW97/CtFU3Z0FtT7/dqcOscMYRUMnNnTGZSXKLZJV0A+a5OmXey8aFO6LR7Q62alnG1L2LkGHSmg==",
      "dependencies": {
        "@openai/codex": "0.129.0"
      },
      "engines": {
        "node": ">=18"
      }
    },
    "node_modules/@openai/codex-win32-arm64": {
      "name": "@openai/codex",
      "version": "0.129.0-win32-arm64",
      "resolved": "https://registry.npmjs.org/@openai/codex/-/codex-0.129.0-win32-arm64.tgz",
      "integrity": "sha512-8rwpYBKg/vI3IHZB2ggFmIDz+4slG7mfYTFoQtRw2m2KMS1g1XMOJK9heM80NMiCY3hqmyMN81bOQ7aKAmgFLg==",
      "cpu": [
        "arm64"
      ],
      "optional": true,
      "os": [
        "win32"
      ],
      "engines": {
        "node": ">=16"
      }
    },
    "node_modules/@openai/codex-win32-x64": {
      "name": "@openai/codex",
      "version": "0.129.0-win32-x64",
      "resolved": "https://registry.npmjs.org/@openai/codex/-/codex-0.129.0-win32-x64.tgz",
      "integrity": "sha512-yP59c7O3J8zZ/eyN6HXMeeZ2xksJE8/Xy9kn3qznC7jCN3GEtM7B6Wv4gEY5F/jzik+B+tU71rmkGmqzQjfVVQ==",
      "cpu": [
        "x64"
      ],
      "optional": true,
      "os": [
        "win32"
      ],
      "engines": {
        "node": ">=16"
      }
    },
    "node_modules/@types/node": {
      "version": "22.19.17",
      "resolved": "https://registry.npmjs.org/@types/node/-/node-22.19.17.tgz",
      "integrity": "sha512-wGdMcf+vPYM6jikpS/qhg6WiqSV/OhG+jeeHT/KlVqxYfD40iYJf9/AE1uQxVWFvU7MipKRkRv8NSHiCGgPr8Q==",
      "dev": true,
      "dependencies": {
        "undici-types": "~6.21.0"
      }
    },
    "node_modules/typescript": {
      "version": "5.9.3",
      "resolved": "https://registry.npmjs.org/typescript/-/typescript-5.9.3.tgz",
      "integrity": "sha512-jl1vZzPDinLr9eUt3J/t7V6FgNEw9QjvBPdysz9KfQDD41fQrC2Y4vKQdiaUpFT4bXlb1RHhLpp8wtm6M5TgSw==",
      "dev": true,
      "bin": {
        "tsc": "bin/tsc",
        "tsserver": "bin/tsserver"
      },
      "engines": {
        "node": ">=14.17"
      }
    },
    "node_modules/undici-types": {
      "version": "6.21.0",
      "resolved": "https://registry.npmjs.org/undici-types/-/undici-types-6.21.0.tgz",
      "integrity": "sha512-iwDZqg0QAGrg9Rav5H4n0M64c3mkR59cJ6wQp+7C4nI0gsmExaedaYLNO44eT4AtBBwjbTiGPMlt2Md0T9H9JQ==",
      "dev": true
    }
  }
}
